// !$*UTF8*$!
{
	archiveVersion = 1;
	classes = {
	};
	objectVersion = 46;
	objects = {

/* Begin PBXBuildFile section */
		71071F071CDA479F005CF121 /* AppDelegate.swift in Sources */ = {isa = PBXBuildFile; fileRef = 71071F061CDA479F005CF121 /* AppDelegate.swift */; };
		71071F0C1CDA479F005CF121 /* Main.storyboard in Resources */ = {isa = PBXBuildFile; fileRef = 71071F0A1CDA479F005CF121 /* Main.storyboard */; };
		71071F0E1CDA479F005CF121 /* Assets.xcassets in Resources */ = {isa = PBXBuildFile; fileRef = 71071F0D1CDA479F005CF121 /* Assets.xcassets */; };
		71071F111CDA479F005CF121 /* LaunchScreen.storyboard in Resources */ = {isa = PBXBuildFile; fileRef = 71071F0F1CDA479F005CF121 /* LaunchScreen.storyboard */; };
		71071F1E1CDA4B12005CF121 /* JogosViewController.swift in Sources */ = {isa = PBXBuildFile; fileRef = 71071F1D1CDA4B12005CF121 /* JogosViewController.swift */; };
		71071F201CDA4B38005CF121 /* TreinosViewController.swift in Sources */ = {isa = PBXBuildFile; fileRef = 71071F1F1CDA4B38005CF121 /* TreinosViewController.swift */; };
		71071F221CDA4B51005CF121 /* AtletasViewController.swift in Sources */ = {isa = PBXBuildFile; fileRef = 71071F211CDA4B51005CF121 /* AtletasViewController.swift */; };
		71071F241CDA4B76005CF121 /* FichaDeJogoViewController.swift in Sources */ = {isa = PBXBuildFile; fileRef = 71071F231CDA4B76005CF121 /* FichaDeJogoViewController.swift */; };
		71071F261CDA4B97005CF121 /* EscalacaoViewController.swift in Sources */ = {isa = PBXBuildFile; fileRef = 71071F251CDA4B97005CF121 /* EscalacaoViewController.swift */; };
		71071F281CDA4BBA005CF121 /* AnotacoesDeJogoViewController.swift in Sources */ = {isa = PBXBuildFile; fileRef = 71071F271CDA4BBA005CF121 /* AnotacoesDeJogoViewController.swift */; };
		71071F2A1CDA4BE2005CF121 /* FichaDeTreinoViewController.swift in Sources */ = {isa = PBXBuildFile; fileRef = 71071F291CDA4BE2005CF121 /* FichaDeTreinoViewController.swift */; };
		71071F2C1CDA4C01005CF121 /* PresecaDeTreinoViewController.swift in Sources */ = {isa = PBXBuildFile; fileRef = 71071F2B1CDA4C01005CF121 /* PresecaDeTreinoViewController.swift */; };
		71071F2E1CDA4C26005CF121 /* FichaDeAtletaViewController.swift in Sources */ = {isa = PBXBuildFile; fileRef = 71071F2D1CDA4C26005CF121 /* FichaDeAtletaViewController.swift */; };
		71071F321CDA4C78005CF121 /* EstatisticasViewController.swift in Sources */ = {isa = PBXBuildFile; fileRef = 71071F311CDA4C78005CF121 /* EstatisticasViewController.swift */; };
		71071F361CDA4D32005CF121 /* BHRTextField.swift in Sources */ = {isa = PBXBuildFile; fileRef = 71071F351CDA4D32005CF121 /* BHRTextField.swift */; };
		71071F381CDA4D50005CF121 /* BHRButton.swift in Sources */ = {isa = PBXBuildFile; fileRef = 71071F371CDA4D50005CF121 /* BHRButton.swift */; };
		71071F3A1CDA4D74005CF121 /* BHRTableView.swift in Sources */ = {isa = PBXBuildFile; fileRef = 71071F391CDA4D74005CF121 /* BHRTableView.swift */; };
		71071F3C1CDA4D9D005CF121 /* JogosTableViewCell.swift in Sources */ = {isa = PBXBuildFile; fileRef = 71071F3B1CDA4D9D005CF121 /* JogosTableViewCell.swift */; };
		71071F3E1CDA4DDA005CF121 /* TreinosTableViewCell.swift in Sources */ = {isa = PBXBuildFile; fileRef = 71071F3D1CDA4DDA005CF121 /* TreinosTableViewCell.swift */; };
		71071F401CDA4DE9005CF121 /* AtletasTableViewCell.swift in Sources */ = {isa = PBXBuildFile; fileRef = 71071F3F1CDA4DE9005CF121 /* AtletasTableViewCell.swift */; };
		71071F421CDA4E12005CF121 /* BHRLabel.swift in Sources */ = {isa = PBXBuildFile; fileRef = 71071F411CDA4E12005CF121 /* BHRLabel.swift */; };
		71071F441CDA4E36005CF121 /* BHRImageView.swift in Sources */ = {isa = PBXBuildFile; fileRef = 71071F431CDA4E35005CF121 /* BHRImageView.swift */; };
		71071F461CDA4E71005CF121 /* BHRCollectionView.swift in Sources */ = {isa = PBXBuildFile; fileRef = 71071F451CDA4E71005CF121 /* BHRCollectionView.swift */; };
		71071F481CDA4EB9005CF121 /* PresencaCollectionViewCell.swift in Sources */ = {isa = PBXBuildFile; fileRef = 71071F471CDA4EB9005CF121 /* PresencaCollectionViewCell.swift */; };
		71071F4A1CDA4EFB005CF121 /* AtletasCollectionViewCell.swift in Sources */ = {isa = PBXBuildFile; fileRef = 71071F491CDA4EFB005CF121 /* AtletasCollectionViewCell.swift */; };
		71071F4C1CDA51FF005CF121 /* Atleta.swift in Sources */ = {isa = PBXBuildFile; fileRef = 71071F4B1CDA51FF005CF121 /* Atleta.swift */; };
		71071F4E1CDA5241005CF121 /* Jogo.swift in Sources */ = {isa = PBXBuildFile; fileRef = 71071F4D1CDA5241005CF121 /* Jogo.swift */; };
		71071F501CDA525B005CF121 /* Treino.swift in Sources */ = {isa = PBXBuildFile; fileRef = 71071F4F1CDA525B005CF121 /* Treino.swift */; };
		71071F521CDA528F005CF121 /* ColourExtension.swift in Sources */ = {isa = PBXBuildFile; fileRef = 71071F511CDA528F005CF121 /* ColourExtension.swift */; };
		71071F541CDA6553005CF121 /* AtletaStats.swift in Sources */ = {isa = PBXBuildFile; fileRef = 71071F531CDA6553005CF121 /* AtletaStats.swift */; };
		71071F561CDA66B1005CF121 /* JogoStats.swift in Sources */ = {isa = PBXBuildFile; fileRef = 71071F551CDA66B1005CF121 /* JogoStats.swift */; };
		71071F581CDA6CFF005CF121 /* BHRNavigationItem.swift in Sources */ = {isa = PBXBuildFile; fileRef = 71071F571CDA6CFF005CF121 /* BHRNavigationItem.swift */; };
		71071F5A1CDA6D62005CF121 /* BHRNavigationViewController.swift in Sources */ = {isa = PBXBuildFile; fileRef = 71071F591CDA6D62005CF121 /* BHRNavigationViewController.swift */; };
		71071F5E1CDA710D005CF121 /* EstatisticasDoTimeViewController.swift in Sources */ = {isa = PBXBuildFile; fileRef = 71071F5D1CDA710D005CF121 /* EstatisticasDoTimeViewController.swift */; };
		71B2D5031CDBC4EA00A01A0D /* BHRTabBarController.swift in Sources */ = {isa = PBXBuildFile; fileRef = 71B2D5021CDBC4EA00A01A0D /* BHRTabBarController.swift */; };
		71B2D5051CDBC58B00A01A0D /* ImageExtension.swift in Sources */ = {isa = PBXBuildFile; fileRef = 71B2D5041CDBC58B00A01A0D /* ImageExtension.swift */; };
		9C67DFD061E17577A616D364 /* Pods.framework in Frameworks */ = {isa = PBXBuildFile; fileRef = A025948FE8D8A0FEAFDF42B9 /* Pods.framework */; };
/* End PBXBuildFile section */

/* Begin PBXFileReference section */
		0F547C248FE1B8D512F4C064 /* Pods.release.xcconfig */ = {isa = PBXFileReference; includeInIndex = 1; lastKnownFileType = text.xcconfig; name = Pods.release.xcconfig; path = "Pods/Target Support Files/Pods/Pods.release.xcconfig"; sourceTree = "<group>"; };
		71071F031CDA479F005CF121 /* BHRugby.app */ = {isa = PBXFileReference; explicitFileType = wrapper.application; includeInIndex = 0; path = BHRugby.app; sourceTree = BUILT_PRODUCTS_DIR; };
		71071F061CDA479F005CF121 /* AppDelegate.swift */ = {isa = PBXFileReference; lastKnownFileType = sourcecode.swift; path = AppDelegate.swift; sourceTree = "<group>"; };
		71071F0B1CDA479F005CF121 /* Base */ = {isa = PBXFileReference; lastKnownFileType = file.storyboard; name = Base; path = Base.lproj/Main.storyboard; sourceTree = "<group>"; };
		71071F0D1CDA479F005CF121 /* Assets.xcassets */ = {isa = PBXFileReference; lastKnownFileType = folder.assetcatalog; path = Assets.xcassets; sourceTree = "<group>"; };
		71071F101CDA479F005CF121 /* Base */ = {isa = PBXFileReference; lastKnownFileType = file.storyboard; name = Base; path = Base.lproj/LaunchScreen.storyboard; sourceTree = "<group>"; };
		71071F121CDA479F005CF121 /* Info.plist */ = {isa = PBXFileReference; lastKnownFileType = text.plist.xml; path = Info.plist; sourceTree = "<group>"; };
		71071F1D1CDA4B12005CF121 /* JogosViewController.swift */ = {isa = PBXFileReference; fileEncoding = 4; lastKnownFileType = sourcecode.swift; path = JogosViewController.swift; sourceTree = "<group>"; };
		71071F1F1CDA4B38005CF121 /* TreinosViewController.swift */ = {isa = PBXFileReference; fileEncoding = 4; lastKnownFileType = sourcecode.swift; path = TreinosViewController.swift; sourceTree = "<group>"; };
		71071F211CDA4B51005CF121 /* AtletasViewController.swift */ = {isa = PBXFileReference; fileEncoding = 4; lastKnownFileType = sourcecode.swift; path = AtletasViewController.swift; sourceTree = "<group>"; };
		71071F231CDA4B76005CF121 /* FichaDeJogoViewController.swift */ = {isa = PBXFileReference; fileEncoding = 4; lastKnownFileType = sourcecode.swift; path = FichaDeJogoViewController.swift; sourceTree = "<group>"; };
		71071F251CDA4B97005CF121 /* EscalacaoViewController.swift */ = {isa = PBXFileReference; fileEncoding = 4; lastKnownFileType = sourcecode.swift; path = EscalacaoViewController.swift; sourceTree = "<group>"; };
		71071F271CDA4BBA005CF121 /* AnotacoesDeJogoViewController.swift */ = {isa = PBXFileReference; fileEncoding = 4; lastKnownFileType = sourcecode.swift; path = AnotacoesDeJogoViewController.swift; sourceTree = "<group>"; };
		71071F291CDA4BE2005CF121 /* FichaDeTreinoViewController.swift */ = {isa = PBXFileReference; fileEncoding = 4; lastKnownFileType = sourcecode.swift; path = FichaDeTreinoViewController.swift; sourceTree = "<group>"; };
		71071F2B1CDA4C01005CF121 /* PresecaDeTreinoViewController.swift */ = {isa = PBXFileReference; fileEncoding = 4; lastKnownFileType = sourcecode.swift; path = PresecaDeTreinoViewController.swift; sourceTree = "<group>"; };
		71071F2D1CDA4C26005CF121 /* FichaDeAtletaViewController.swift */ = {isa = PBXFileReference; fileEncoding = 4; lastKnownFileType = sourcecode.swift; path = FichaDeAtletaViewController.swift; sourceTree = "<group>"; };
		71071F311CDA4C78005CF121 /* EstatisticasViewController.swift */ = {isa = PBXFileReference; fileEncoding = 4; lastKnownFileType = sourcecode.swift; path = EstatisticasViewController.swift; sourceTree = "<group>"; };
		71071F351CDA4D32005CF121 /* BHRTextField.swift */ = {isa = PBXFileReference; fileEncoding = 4; lastKnownFileType = sourcecode.swift; path = BHRTextField.swift; sourceTree = "<group>"; };
		71071F371CDA4D50005CF121 /* BHRButton.swift */ = {isa = PBXFileReference; fileEncoding = 4; lastKnownFileType = sourcecode.swift; path = BHRButton.swift; sourceTree = "<group>"; };
		71071F391CDA4D74005CF121 /* BHRTableView.swift */ = {isa = PBXFileReference; fileEncoding = 4; lastKnownFileType = sourcecode.swift; path = BHRTableView.swift; sourceTree = "<group>"; };
		71071F3B1CDA4D9D005CF121 /* JogosTableViewCell.swift */ = {isa = PBXFileReference; fileEncoding = 4; lastKnownFileType = sourcecode.swift; path = JogosTableViewCell.swift; sourceTree = "<group>"; };
		71071F3D1CDA4DDA005CF121 /* TreinosTableViewCell.swift */ = {isa = PBXFileReference; fileEncoding = 4; lastKnownFileType = sourcecode.swift; path = TreinosTableViewCell.swift; sourceTree = "<group>"; };
		71071F3F1CDA4DE9005CF121 /* AtletasTableViewCell.swift */ = {isa = PBXFileReference; fileEncoding = 4; lastKnownFileType = sourcecode.swift; path = AtletasTableViewCell.swift; sourceTree = "<group>"; };
		71071F411CDA4E12005CF121 /* BHRLabel.swift */ = {isa = PBXFileReference; fileEncoding = 4; lastKnownFileType = sourcecode.swift; path = BHRLabel.swift; sourceTree = "<group>"; };
		71071F431CDA4E35005CF121 /* BHRImageView.swift */ = {isa = PBXFileReference; fileEncoding = 4; lastKnownFileType = sourcecode.swift; path = BHRImageView.swift; sourceTree = "<group>"; };
		71071F451CDA4E71005CF121 /* BHRCollectionView.swift */ = {isa = PBXFileReference; fileEncoding = 4; lastKnownFileType = sourcecode.swift; path = BHRCollectionView.swift; sourceTree = "<group>"; };
		71071F471CDA4EB9005CF121 /* PresencaCollectionViewCell.swift */ = {isa = PBXFileReference; fileEncoding = 4; lastKnownFileType = sourcecode.swift; path = PresencaCollectionViewCell.swift; sourceTree = "<group>"; };
		71071F491CDA4EFB005CF121 /* AtletasCollectionViewCell.swift */ = {isa = PBXFileReference; fileEncoding = 4; lastKnownFileType = sourcecode.swift; path = AtletasCollectionViewCell.swift; sourceTree = "<group>"; };
		71071F4B1CDA51FF005CF121 /* Atleta.swift */ = {isa = PBXFileReference; fileEncoding = 4; lastKnownFileType = sourcecode.swift; path = Atleta.swift; sourceTree = "<group>"; };
		71071F4D1CDA5241005CF121 /* Jogo.swift */ = {isa = PBXFileReference; fileEncoding = 4; lastKnownFileType = sourcecode.swift; path = Jogo.swift; sourceTree = "<group>"; };
		71071F4F1CDA525B005CF121 /* Treino.swift */ = {isa = PBXFileReference; fileEncoding = 4; lastKnownFileType = sourcecode.swift; path = Treino.swift; sourceTree = "<group>"; };
		71071F511CDA528F005CF121 /* ColourExtension.swift */ = {isa = PBXFileReference; fileEncoding = 4; lastKnownFileType = sourcecode.swift; path = ColourExtension.swift; sourceTree = "<group>"; };
		71071F531CDA6553005CF121 /* AtletaStats.swift */ = {isa = PBXFileReference; fileEncoding = 4; lastKnownFileType = sourcecode.swift; path = AtletaStats.swift; sourceTree = "<group>"; };
		71071F551CDA66B1005CF121 /* JogoStats.swift */ = {isa = PBXFileReference; fileEncoding = 4; lastKnownFileType = sourcecode.swift; path = JogoStats.swift; sourceTree = "<group>"; };
		71071F571CDA6CFF005CF121 /* BHRNavigationItem.swift */ = {isa = PBXFileReference; fileEncoding = 4; lastKnownFileType = sourcecode.swift; path = BHRNavigationItem.swift; sourceTree = "<group>"; };
		71071F591CDA6D62005CF121 /* BHRNavigationViewController.swift */ = {isa = PBXFileReference; fileEncoding = 4; lastKnownFileType = sourcecode.swift; path = BHRNavigationViewController.swift; sourceTree = "<group>"; };
		71071F5D1CDA710D005CF121 /* EstatisticasDoTimeViewController.swift */ = {isa = PBXFileReference; fileEncoding = 4; lastKnownFileType = sourcecode.swift; path = EstatisticasDoTimeViewController.swift; sourceTree = "<group>"; };
		71B2D5021CDBC4EA00A01A0D /* BHRTabBarController.swift */ = {isa = PBXFileReference; fileEncoding = 4; lastKnownFileType = sourcecode.swift; path = BHRTabBarController.swift; sourceTree = "<group>"; };
		71B2D5041CDBC58B00A01A0D /* ImageExtension.swift */ = {isa = PBXFileReference; fileEncoding = 4; lastKnownFileType = sourcecode.swift; path = ImageExtension.swift; sourceTree = "<group>"; };
		75754D9E276EAF32E3D6AA47 /* Pods.debug.xcconfig */ = {isa = PBXFileReference; includeInIndex = 1; lastKnownFileType = text.xcconfig; name = Pods.debug.xcconfig; path = "Pods/Target Support Files/Pods/Pods.debug.xcconfig"; sourceTree = "<group>"; };
		A025948FE8D8A0FEAFDF42B9 /* Pods.framework */ = {isa = PBXFileReference; explicitFileType = wrapper.framework; includeInIndex = 0; path = Pods.framework; sourceTree = BUILT_PRODUCTS_DIR; };
/* End PBXFileReference section */

/* Begin PBXFrameworksBuildPhase section */
		71071F001CDA479F005CF121 /* Frameworks */ = {
			isa = PBXFrameworksBuildPhase;
			buildActionMask = 2147483647;
			files = (
				9C67DFD061E17577A616D364 /* Pods.framework in Frameworks */,
			);
			runOnlyForDeploymentPostprocessing = 0;
		};
/* End PBXFrameworksBuildPhase section */

/* Begin PBXGroup section */
		000ADC7ADA61471A3EDB5C83 /* Pods */ = {
			isa = PBXGroup;
			children = (
				75754D9E276EAF32E3D6AA47 /* Pods.debug.xcconfig */,
				0F547C248FE1B8D512F4C064 /* Pods.release.xcconfig */,
			);
			name = Pods;
			sourceTree = "<group>";
		};
		58E2C27F73F1D99F46D7D7AC /* Frameworks */ = {
			isa = PBXGroup;
			children = (
				A025948FE8D8A0FEAFDF42B9 /* Pods.framework */,
			);
			name = Frameworks;
			sourceTree = "<group>";
		};
		71071EFA1CDA479F005CF121 = {
			isa = PBXGroup;
			children = (
				71071F051CDA479F005CF121 /* BHRugby */,
				71071F041CDA479F005CF121 /* Products */,
				000ADC7ADA61471A3EDB5C83 /* Pods */,
				58E2C27F73F1D99F46D7D7AC /* Frameworks */,
			);
			sourceTree = "<group>";
		};
		71071F041CDA479F005CF121 /* Products */ = {
			isa = PBXGroup;
			children = (
				71071F031CDA479F005CF121 /* BHRugby.app */,
			);
			name = Products;
			sourceTree = "<group>";
		};
		71071F051CDA479F005CF121 /* BHRugby */ = {
			isa = PBXGroup;
			children = (
				71071F1C1CDA4807005CF121 /* UI */,
				71071F1A1CDA47DA005CF121 /* Controller */,
				71071F191CDA47D3005CF121 /* View */,
				71071F181CDA47BE005CF121 /* Model */,
				71071F1B1CDA47F0005CF121 /* SupportFiles */,
			);
			path = BHRugby;
			sourceTree = "<group>";
		};
		71071F181CDA47BE005CF121 /* Model */ = {
			isa = PBXGroup;
			children = (
				71071F4B1CDA51FF005CF121 /* Atleta.swift */,
				71071F531CDA6553005CF121 /* AtletaStats.swift */,
				71071F4D1CDA5241005CF121 /* Jogo.swift */,
				71071F551CDA66B1005CF121 /* JogoStats.swift */,
				71071F4F1CDA525B005CF121 /* Treino.swift */,
			);
			name = Model;
			sourceTree = "<group>";
		};
		71071F191CDA47D3005CF121 /* View */ = {
			isa = PBXGroup;
			children = (
				71071F511CDA528F005CF121 /* ColourExtension.swift */,
				71B2D5041CDBC58B00A01A0D /* ImageExtension.swift */,
				71071F341CDA4D0F005CF121 /* CustomUI */,
			);
			name = View;
			sourceTree = "<group>";
		};
		71071F1A1CDA47DA005CF121 /* Controller */ = {
			isa = PBXGroup;
			children = (
				71071F1D1CDA4B12005CF121 /* JogosViewController.swift */,
				71071F231CDA4B76005CF121 /* FichaDeJogoViewController.swift */,
				71071F251CDA4B97005CF121 /* EscalacaoViewController.swift */,
				71071F271CDA4BBA005CF121 /* AnotacoesDeJogoViewController.swift */,
				71071F1F1CDA4B38005CF121 /* TreinosViewController.swift */,
				71071F291CDA4BE2005CF121 /* FichaDeTreinoViewController.swift */,
				71071F2B1CDA4C01005CF121 /* PresecaDeTreinoViewController.swift */,
				71071F211CDA4B51005CF121 /* AtletasViewController.swift */,
				71071F2D1CDA4C26005CF121 /* FichaDeAtletaViewController.swift */,
				71071F311CDA4C78005CF121 /* EstatisticasViewController.swift */,
				71071F5D1CDA710D005CF121 /* EstatisticasDoTimeViewController.swift */,
			);
			name = Controller;
			sourceTree = "<group>";
		};
		71071F1B1CDA47F0005CF121 /* SupportFiles */ = {
			isa = PBXGroup;
			children = (
				71071F061CDA479F005CF121 /* AppDelegate.swift */,
				71071F121CDA479F005CF121 /* Info.plist */,
				71071F0D1CDA479F005CF121 /* Assets.xcassets */,
			);
			name = SupportFiles;
			sourceTree = "<group>";
		};
		71071F1C1CDA4807005CF121 /* UI */ = {
			isa = PBXGroup;
			children = (
				71071F0F1CDA479F005CF121 /* LaunchScreen.storyboard */,
				71071F0A1CDA479F005CF121 /* Main.storyboard */,
			);
			name = UI;
			sourceTree = "<group>";
		};
		71071F341CDA4D0F005CF121 /* CustomUI */ = {
			isa = PBXGroup;
			children = (
				71071F351CDA4D32005CF121 /* BHRTextField.swift */,
				71071F371CDA4D50005CF121 /* BHRButton.swift */,
				71071F411CDA4E12005CF121 /* BHRLabel.swift */,
				71071F431CDA4E35005CF121 /* BHRImageView.swift */,
				71071F391CDA4D74005CF121 /* BHRTableView.swift */,
				71071F3B1CDA4D9D005CF121 /* JogosTableViewCell.swift */,
				71071F3D1CDA4DDA005CF121 /* TreinosTableViewCell.swift */,
				71071F3F1CDA4DE9005CF121 /* AtletasTableViewCell.swift */,
				71071F451CDA4E71005CF121 /* BHRCollectionView.swift */,
				71071F491CDA4EFB005CF121 /* AtletasCollectionViewCell.swift */,
				71071F471CDA4EB9005CF121 /* PresencaCollectionViewCell.swift */,
				71071F591CDA6D62005CF121 /* BHRNavigationViewController.swift */,
				71071F571CDA6CFF005CF121 /* BHRNavigationItem.swift */,
				71B2D5021CDBC4EA00A01A0D /* BHRTabBarController.swift */,
			);
			name = CustomUI;
			sourceTree = "<group>";
		};
/* End PBXGroup section */

/* Begin PBXNativeTarget section */
		71071F021CDA479F005CF121 /* BHRugby */ = {
			isa = PBXNativeTarget;
			buildConfigurationList = 71071F151CDA479F005CF121 /* Build configuration list for PBXNativeTarget "BHRugby" */;
			buildPhases = (
				ED87CFCA258E78815334FBB5 /* Check Pods Manifest.lock */,
				71071EFF1CDA479F005CF121 /* Sources */,
				71071F001CDA479F005CF121 /* Frameworks */,
				71071F011CDA479F005CF121 /* Resources */,
				0298D9139ACEC3865B96441A /* Embed Pods Frameworks */,
				A422D31CD2C5E5F9280CEA2C /* Copy Pods Resources */,
			);
			buildRules = (
			);
			dependencies = (
			);
			name = BHRugby;
			productName = BHRugby;
			productReference = 71071F031CDA479F005CF121 /* BHRugby.app */;
			productType = "com.apple.product-type.application";
		};
/* End PBXNativeTarget section */

/* Begin PBXProject section */
		71071EFB1CDA479F005CF121 /* Project object */ = {
			isa = PBXProject;
			attributes = {
				LastSwiftUpdateCheck = 0730;
				LastUpgradeCheck = 0730;
				ORGANIZATIONNAME = "Sergio Mollica";
				TargetAttributes = {
					71071F021CDA479F005CF121 = {
						CreatedOnToolsVersion = 7.3;
					};
				};
			};
			buildConfigurationList = 71071EFE1CDA479F005CF121 /* Build configuration list for PBXProject "BHRugby" */;
			compatibilityVersion = "Xcode 3.2";
			developmentRegion = English;
			hasScannedForEncodings = 0;
			knownRegions = (
				en,
				Base,
			);
			mainGroup = 71071EFA1CDA479F005CF121;
			productRefGroup = 71071F041CDA479F005CF121 /* Products */;
			projectDirPath = "";
			projectRoot = "";
			targets = (
				71071F021CDA479F005CF121 /* BHRugby */,
			);
		};
/* End PBXProject section */

/* Begin PBXResourcesBuildPhase section */
		71071F011CDA479F005CF121 /* Resources */ = {
			isa = PBXResourcesBuildPhase;
			buildActionMask = 2147483647;
			files = (
				71071F111CDA479F005CF121 /* LaunchScreen.storyboard in Resources */,
				71071F0E1CDA479F005CF121 /* Assets.xcassets in Resources */,
				71071F0C1CDA479F005CF121 /* Main.storyboard in Resources */,
			);
			runOnlyForDeploymentPostprocessing = 0;
		};
/* End PBXResourcesBuildPhase section */

/* Begin PBXShellScriptBuildPhase section */
		0298D9139ACEC3865B96441A /* Embed Pods Frameworks */ = {
			isa = PBXShellScriptBuildPhase;
			buildActionMask = 2147483647;
			files = (
			);
			inputPaths = (
			);
			name = "Embed Pods Frameworks";
			outputPaths = (
			);
			runOnlyForDeploymentPostprocessing = 0;
			shellPath = /bin/sh;
			shellScript = "\"${SRCROOT}/Pods/Target Support Files/Pods/Pods-frameworks.sh\"\n";
			showEnvVarsInLog = 0;
		};
		A422D31CD2C5E5F9280CEA2C /* Copy Pods Resources */ = {
			isa = PBXShellScriptBuildPhase;
			buildActionMask = 2147483647;
			files = (
			);
			inputPaths = (
			);
			name = "Copy Pods Resources";
			outputPaths = (
			);
			runOnlyForDeploymentPostprocessing = 0;
			shellPath = /bin/sh;
			shellScript = "\"${SRCROOT}/Pods/Target Support Files/Pods/Pods-resources.sh\"\n";
			showEnvVarsInLog = 0;
		};
		ED87CFCA258E78815334FBB5 /* Check Pods Manifest.lock */ = {
			isa = PBXShellScriptBuildPhase;
			buildActionMask = 2147483647;
			files = (
			);
			inputPaths = (
			);
			name = "Check Pods Manifest.lock";
			outputPaths = (
			);
			runOnlyForDeploymentPostprocessing = 0;
			shellPath = /bin/sh;
			shellScript = "diff \"${PODS_ROOT}/../Podfile.lock\" \"${PODS_ROOT}/Manifest.lock\" > /dev/null\nif [[ $? != 0 ]] ; then\n    cat << EOM\nerror: The sandbox is not in sync with the Podfile.lock. Run 'pod install' or update your CocoaPods installation.\nEOM\n    exit 1\nfi\n";
			showEnvVarsInLog = 0;
		};
/* End PBXShellScriptBuildPhase section */

/* Begin PBXSourcesBuildPhase section */
		71071EFF1CDA479F005CF121 /* Sources */ = {
			isa = PBXSourcesBuildPhase;
			buildActionMask = 2147483647;
			files = (
				71B2D5031CDBC4EA00A01A0D /* BHRTabBarController.swift in Sources */,
				71071F2A1CDA4BE2005CF121 /* FichaDeTreinoViewController.swift in Sources */,
				71071F561CDA66B1005CF121 /* JogoStats.swift in Sources */,
				71071F071CDA479F005CF121 /* AppDelegate.swift in Sources */,
				71071F5E1CDA710D005CF121 /* EstatisticasDoTimeViewController.swift in Sources */,
				71071F201CDA4B38005CF121 /* TreinosViewController.swift in Sources */,
				71071F441CDA4E36005CF121 /* BHRImageView.swift in Sources */,
				71071F281CDA4BBA005CF121 /* AnotacoesDeJogoViewController.swift in Sources */,
				71071F581CDA6CFF005CF121 /* BHRNavigationItem.swift in Sources */,
				71071F501CDA525B005CF121 /* Treino.swift in Sources */,
				71071F241CDA4B76005CF121 /* FichaDeJogoViewController.swift in Sources */,
				71071F3A1CDA4D74005CF121 /* BHRTableView.swift in Sources */,
				71071F321CDA4C78005CF121 /* EstatisticasViewController.swift in Sources */,
				71071F3C1CDA4D9D005CF121 /* JogosTableViewCell.swift in Sources */,
				71071F4C1CDA51FF005CF121 /* Atleta.swift in Sources */,
				71071F261CDA4B97005CF121 /* EscalacaoViewController.swift in Sources */,
				71071F421CDA4E12005CF121 /* BHRLabel.swift in Sources */,
				71071F381CDA4D50005CF121 /* BHRButton.swift in Sources */,
				71071F361CDA4D32005CF121 /* BHRTextField.swift in Sources */,
				71071F1E1CDA4B12005CF121 /* JogosViewController.swift in Sources */,
				71071F5A1CDA6D62005CF121 /* BHRNavigationViewController.swift in Sources */,
				71071F4A1CDA4EFB005CF121 /* AtletasCollectionViewCell.swift in Sources */,
				71071F2C1CDA4C01005CF121 /* PresecaDeTreinoViewController.swift in Sources */,
				71071F521CDA528F005CF121 /* ColourExtension.swift in Sources */,
				71071F2E1CDA4C26005CF121 /* FichaDeAtletaViewController.swift in Sources */,
				71071F221CDA4B51005CF121 /* AtletasViewController.swift in Sources */,
				71071F401CDA4DE9005CF121 /* AtletasTableViewCell.swift in Sources */,
				71071F4E1CDA5241005CF121 /* Jogo.swift in Sources */,
				71071F3E1CDA4DDA005CF121 /* TreinosTableViewCell.swift in Sources */,
				71071F481CDA4EB9005CF121 /* PresencaCollectionViewCell.swift in Sources */,
				71071F541CDA6553005CF121 /* AtletaStats.swift in Sources */,
				71B2D5051CDBC58B00A01A0D /* ImageExtension.swift in Sources */,
				71071F461CDA4E71005CF121 /* BHRCollectionView.swift in Sources */,
			);
			runOnlyForDeploymentPostprocessing = 0;
		};
/* End PBXSourcesBuildPhase section */

/* Begin PBXVariantGroup section */
		71071F0A1CDA479F005CF121 /* Main.storyboard */ = {
			isa = PBXVariantGroup;
			children = (
				71071F0B1CDA479F005CF121 /* Base */,
			);
			name = Main.storyboard;
			sourceTree = "<group>";
		};
		71071F0F1CDA479F005CF121 /* LaunchScreen.storyboard */ = {
			isa = PBXVariantGroup;
			children = (
				71071F101CDA479F005CF121 /* Base */,
			);
			name = LaunchScreen.storyboard;
			sourceTree = "<group>";
		};
/* End PBXVariantGroup section */

/* Begin XCBuildConfiguration section */
		71071F131CDA479F005CF121 /* Debug */ = {
			isa = XCBuildConfiguration;
			buildSettings = {
				ALWAYS_SEARCH_USER_PATHS = NO;
				CLANG_ANALYZER_NONNULL = YES;
				CLANG_CXX_LANGUAGE_STANDARD = "gnu++0x";
				CLANG_CXX_LIBRARY = "libc++";
				CLANG_ENABLE_MODULES = YES;
				CLANG_ENABLE_OBJC_ARC = YES;
				CLANG_WARN_BOOL_CONVERSION = YES;
				CLANG_WARN_CONSTANT_CONVERSION = YES;
				CLANG_WARN_DIRECT_OBJC_ISA_USAGE = YES_ERROR;
				CLANG_WARN_EMPTY_BODY = YES;
				CLANG_WARN_ENUM_CONVERSION = YES;
				CLANG_WARN_INT_CONVERSION = YES;
				CLANG_WARN_OBJC_ROOT_CLASS = YES_ERROR;
				CLANG_WARN_UNREACHABLE_CODE = YES;
				CLANG_WARN__DUPLICATE_METHOD_MATCH = YES;
				"CODE_SIGN_IDENTITY[sdk=iphoneos*]" = "iPhone Developer";
				COPY_PHASE_STRIP = NO;
				DEBUG_INFORMATION_FORMAT = dwarf;
				ENABLE_STRICT_OBJC_MSGSEND = YES;
				ENABLE_TESTABILITY = YES;
				GCC_C_LANGUAGE_STANDARD = gnu99;
				GCC_DYNAMIC_NO_PIC = NO;
				GCC_NO_COMMON_BLOCKS = YES;
				GCC_OPTIMIZATION_LEVEL = 0;
				GCC_PREPROCESSOR_DEFINITIONS = (
					"DEBUG=1",
					"$(inherited)",
				);
				GCC_WARN_64_TO_32_BIT_CONVERSION = YES;
				GCC_WARN_ABOUT_RETURN_TYPE = YES_ERROR;
				GCC_WARN_UNDECLARED_SELECTOR = YES;
				GCC_WARN_UNINITIALIZED_AUTOS = YES_AGGRESSIVE;
				GCC_WARN_UNUSED_FUNCTION = YES;
				GCC_WARN_UNUSED_VARIABLE = YES;
				IPHONEOS_DEPLOYMENT_TARGET = 9.3;
				MTL_ENABLE_DEBUG_INFO = YES;
				ONLY_ACTIVE_ARCH = YES;
				SDKROOT = iphoneos;
				SWIFT_OPTIMIZATION_LEVEL = "-Onone";
				TARGETED_DEVICE_FAMILY = "1,2";
			};
			name = Debug;
		};
		71071F141CDA479F005CF121 /* Release */ = {
			isa = XCBuildConfiguration;
			buildSettings = {
				ALWAYS_SEARCH_USER_PATHS = NO;
				CLANG_ANALYZER_NONNULL = YES;
				CLANG_CXX_LANGUAGE_STANDARD = "gnu++0x";
				CLANG_CXX_LIBRARY = "libc++";
				CLANG_ENABLE_MODULES = YES;
				CLANG_ENABLE_OBJC_ARC = YES;
				CLANG_WARN_BOOL_CONVERSION = YES;
				CLANG_WARN_CONSTANT_CONVERSION = YES;
				CLANG_WARN_DIRECT_OBJC_ISA_USAGE = YES_ERROR;
				CLANG_WARN_EMPTY_BODY = YES;
				CLANG_WARN_ENUM_CONVERSION = YES;
				CLANG_WARN_INT_CONVERSION = YES;
				CLANG_WARN_OBJC_ROOT_CLASS = YES_ERROR;
				CLANG_WARN_UNREACHABLE_CODE = YES;
				CLANG_WARN__DUPLICATE_METHOD_MATCH = YES;
				"CODE_SIGN_IDENTITY[sdk=iphoneos*]" = "iPhone Developer";
				COPY_PHASE_STRIP = NO;
				DEBUG_INFORMATION_FORMAT = "dwarf-with-dsym";
				ENABLE_NS_ASSERTIONS = NO;
				ENABLE_STRICT_OBJC_MSGSEND = YES;
				GCC_C_LANGUAGE_STANDARD = gnu99;
				GCC_NO_COMMON_BLOCKS = YES;
				GCC_WARN_64_TO_32_BIT_CONVERSION = YES;
				GCC_WARN_ABOUT_RETURN_TYPE = YES_ERROR;
				GCC_WARN_UNDECLARED_SELECTOR = YES;
				GCC_WARN_UNINITIALIZED_AUTOS = YES_AGGRESSIVE;
				GCC_WARN_UNUSED_FUNCTION = YES;
				GCC_WARN_UNUSED_VARIABLE = YES;
				IPHONEOS_DEPLOYMENT_TARGET = 9.3;
				MTL_ENABLE_DEBUG_INFO = NO;
				SDKROOT = iphoneos;
				TARGETED_DEVICE_FAMILY = "1,2";
				VALIDATE_PRODUCT = YES;
			};
			name = Release;
		};
		71071F161CDA479F005CF121 /* Debug */ = {
			isa = XCBuildConfiguration;
			baseConfigurationReference = 75754D9E276EAF32E3D6AA47 /* Pods.debug.xcconfig */;
			buildSettings = {
				ASSETCATALOG_COMPILER_APPICON_NAME = AppIcon;
				INFOPLIST_FILE = BHRugby/Info.plist;
				LD_RUNPATH_SEARCH_PATHS = "$(inherited) @executable_path/Frameworks";
				PRODUCT_BUNDLE_IDENTIFIER = smollica.BHRugby;
				PRODUCT_NAME = "$(TARGET_NAME)";
			};
			name = Debug;
		};
		71071F171CDA479F005CF121 /* Release */ = {
			isa = XCBuildConfiguration;
			baseConfigurationReference = 0F547C248FE1B8D512F4C064 /* Pods.release.xcconfig */;
			buildSettings = {
				ASSETCATALOG_COMPILER_APPICON_NAME = AppIcon;
				INFOPLIST_FILE = BHRugby/Info.plist;
				LD_RUNPATH_SEARCH_PATHS = "$(inherited) @executable_path/Frameworks";
				PRODUCT_BUNDLE_IDENTIFIER = smollica.BHRugby;
				PRODUCT_NAME = "$(TARGET_NAME)";
			};
			name = Release;
		};
/* End XCBuildConfiguration section */

/* Begin XCConfigurationList section */
		71071EFE1CDA479F005CF121 /* Build configuration list for PBXProject "BHRugby" */ = {
			isa = XCConfigurationList;
			buildConfigurations = (
				71071F131CDA479F005CF121 /* Debug */,
				71071F141CDA479F005CF121 /* Release */,
			);
			defaultConfigurationIsVisible = 0;
			defaultConfigurationName = Release;
		};
		71071F151CDA479F005CF121 /* Build configuration list for PBXNativeTarget "BHRugby" */ = {
			isa = XCConfigurationList;
			buildConfigurations = (
				71071F161CDA479F005CF121 /* Debug */,
				71071F171CDA479F005CF121 /* Release */,
			);
			defaultConfigurationIsVisible = 0;
			defaultConfigurationName = Release;
		};
/* End XCConfigurationList section */
	};
	rootObject = 71071EFB1CDA479F005CF121 /* Project object */;
}
